# THIS IS AN AUTOGENERATED FILE. DO NOT EDIT THIS FILE DIRECTLY.
# yarn lockfile v1


"@opentelemetry/api@^1.4.0":
  version "1.6.0"
  resolved "https://registry.yarnpkg.com/@opentelemetry/api/-/api-1.6.0.tgz#de2c6823203d6f319511898bb5de7e70f5267e19"
  integrity sha512-OWlrQAnWn9577PhVgqjUvMr1pg57Bc4jv0iL4w0PRuOSRvq67rvHW9Ie/dZVMvCzhSCB+UxhcY/PmCmFj33Q+g==

bintrees@1.0.2:
  version "1.0.2"
  resolved "https://registry.yarnpkg.com/bintrees/-/bintrees-1.0.2.tgz#49f896d6e858a4a499df85c38fb399b9aff840f8"
  integrity sha512-VOMgTMwjAaUG580SXn3LacVgjurrbMme7ZZNYGSSV7mmtY6QQRh0Eg3pwIcntQ77DErK1L0NxkbetjcoXzVwKw==

prom-client@^15.0.0:
  version "15.0.0"
  resolved "https://registry.yarnpkg.com/prom-client/-/prom-client-15.0.0.tgz#067da874a2aa5d2e21bd5cdba9f24a8178bdab6a"
  integrity sha512-UocpgIrKyA2TKLVZDSfm8rGkL13C19YrQBAiG3xo3aDFWcHedxRxI3z+cIcucoxpSO0h5lff5iv/SXoxyeopeA==
  dependencies:
    "@opentelemetry/api" "^1.4.0"
    tdigest "^0.1.1"

tdigest@^0.1.1:
  version "0.1.2"
  resolved "https://registry.yarnpkg.com/tdigest/-/tdigest-0.1.2.tgz#96c64bac4ff10746b910b0e23b515794e12faced"
  integrity sha512-+G0LLgjjo9BZX2MfdvPfH+MKLCrxlXSYec5DaPYP1fe6Iyhf0/fSmJ0bFiZ1F8BT6cGXl2LpltQptzjXKWEkKA==
  dependencies:
    bintrees "1.0.2"
