# THIS IS AN AUTOGENERATED FILE. DO NOT EDIT THIS FILE DIRECTLY.
# yarn lockfile v1


bintrees@1.0.2:
  version "1.0.2"
  resolved "https://registry.yarnpkg.com/bintrees/-/bintrees-1.0.2.tgz#49f896d6e858a4a499df85c38fb399b9aff840f8"
  integrity sha512-VOMgTMwjAaUG580SXn3LacVgjurrbMme7ZZNYGSSV7mmtY6QQRh0Eg3pwIcntQ77DErK1L0NxkbetjcoXzVwKw==

prom-client@^14.0.0:
  version "14.2.0"
  resolved "https://registry.yarnpkg.com/prom-client/-/prom-client-14.2.0.tgz#ca94504e64156f6506574c25fb1c34df7812cf11"
  integrity sha512-sF308EhTenb/pDRPakm+WgiN+VdM/T1RaHj1x+MvAuT8UiQP8JmOEbxVqtkbfR4LrvOg5n7ic01kRBDGXjYikA==
  dependencies:
    tdigest "^0.1.1"

tdigest@^0.1.1:
  version "0.1.2"
  resolved "https://registry.yarnpkg.com/tdigest/-/tdigest-0.1.2.tgz#96c64bac4ff10746b910b0e23b515794e12faced"
  integrity sha512-+G0LLgjjo9BZX2MfdvPfH+MKLCrxlXSYec5DaPYP1fe6Iyhf0/fSmJ0bFiZ1F8BT6cGXl2LpltQptzjXKWEkKA==
  dependencies:
    bintrees "1.0.2"
